
Microsoft Visual Studio Solution File, Format Version 12.00
# Visual Studio 2013
Project("{FAE04EC0-301F-11D3-BF4B-00C04F79EFBC}") = "UnityVS.FiveVsFive.CSharp", "UnityVS.FiveVsFive.CSharp.csproj", "{927FD136-3FF4-F25C-28CB-6B0A0012066B}"
EndProject
Project("{FAE04EC0-301F-11D3-BF4B-00C04F79EFBC}") = "UnityVS.FiveVsFive.CSharp.Editor", "UnityVS.FiveVsFive.CSharp.Editor.csproj", "{9EEA7AEB-E058-43C7-652A-F72DB360E5AD}"
EndProject
Global
	GlobalSection(SolutionConfigurationPlatforms) = preSolution
		Debug|Any CPU = Debug|Any CPU
		Release|Any CPU = Release|Any CPU
	EndGlobalSection
	GlobalSection(ProjectConfigurationPlatforms) = postSolution
		{927FD136-3FF4-F25C-28CB-6B0A0012066B}.Debug|Any CPU.ActiveCfg = Debug|Any CPU
		{927FD136-3FF4-F25C-28CB-6B0A0012066B}.Debug|Any CPU.Build.0 = Debug|Any CPU
		{927FD136-3FF4-F25C-28CB-6B0A0012066B}.Release|Any CPU.ActiveCfg = Release|Any CPU
		{927FD136-3FF4-F25C-28CB-6B0A0012066B}.Release|Any CPU.Build.0 = Release|Any CPU
		{9EEA7AEB-E058-43C7-652A-F72DB360E5AD}.Debug|Any CPU.ActiveCfg = Debug|Any CPU
		{9EEA7AEB-E058-43C7-652A-F72DB360E5AD}.Debug|Any CPU.Build.0 = Debug|Any CPU
		{9EEA7AEB-E058-43C7-652A-F72DB360E5AD}.Release|Any CPU.ActiveCfg = Release|Any CPU
		{9EEA7AEB-E058-43C7-652A-F72DB360E5AD}.Release|Any CPU.Build.0 = Release|Any CPU
	EndGlobalSection
	GlobalSection(SolutionProperties) = preSolution
		HideSolutionNode = FALSE
	EndGlobalSection
EndGlobal
